
Microsoft Visual Studio Solution File, Format Version 12.00
# Visual Studio Version 17
VisualStudioVersion = 17.11.35222.181
MinimumVisualStudioVersion = 10.0.40219.1
Project("{8BC9CEB8-8B4A-11D0-8D11-00A0C91BC942}") = "5.1", "5.1.vcxproj", "{CCCE11B1-A88C-40CD-930F-1D90125D380B}"
EndProject
Project("{8BC9CEB8-8B4A-11D0-8D11-00A0C91BC942}") = "5.2", "..\5.2\5.2.vcxproj", "{B8836800-C8FB-4007-B311-7D6C21E72955}"
EndProject
Project("{8BC9CEB8-8B4A-11D0-8D11-00A0C91BC942}") = "7.1", "..\7.1\7.1.vcxproj", "{0F6B183B-CB4F-42F6-A7CD-5FFB55408EA3}"
EndProject
Project("{8BC9CEB8-8B4A-11D0-8D11-00A0C91BC942}") = "7.2", "..\7.2\7.2.vcxproj", "{F4C74736-5A83-4437-B1EB-EEC46EFDE032}"
EndProject
Project("{8BC9CEB8-8B4A-11D0-8D11-00A0C91BC942}") = "9.1", "..\9.1\9.1.vcxproj", "{CF3093C8-8B9D-419B-8F4C-E0C992284B01}"
EndProject
Project("{8BC9CEB8-8B4A-11D0-8D11-00A0C91BC942}") = "9.2", "..\9.2\9.2.vcxproj", "{9767AC81-4B6D-421F-9FFB-9EDBBD4D23AC}"
EndProject
Project("{8BC9CEB8-8B4A-11D0-8D11-00A0C91BC942}") = "11.1", "..\11.1\11.1.vcxproj", "{A62EB198-B228-4866-87B4-153FB0B61DC4}"
EndProject
Project("{8BC9CEB8-8B4A-11D0-8D11-00A0C91BC942}") = "11.2", "..\11.2\11.2.vcxproj", "{450CA5D1-C7D1-441B-A4B5-2563232D84A0}"
EndProject
Project("{8BC9CEB8-8B4A-11D0-8D11-00A0C91BC942}") = "1 dop", "..\1 dop\1 dop.vcxproj", "{EF21F32F-829F-4663-8805-DD390BE40C96}"
EndProject
Project("{8BC9CEB8-8B4A-11D0-8D11-00A0C91BC942}") = "5 dop", "..\2 dop\2 dop.vcxproj", "{BE4A0C04-845B-4BB1-8DB9-2D170FF5F1EF}"
EndProject
Project("{8BC9CEB8-8B4A-11D0-8D11-00A0C91BC942}") = "4 dop", "..\4 dop\4 dop.vcxproj", "{4FF67187-E5E9-4799-B51B-AF9CAB0642E3}"
EndProject
Global
	GlobalSection(SolutionConfigurationPlatforms) = preSolution
		Debug|x64 = Debug|x64
		Debug|x86 = Debug|x86
		Release|x64 = Release|x64
		Release|x86 = Release|x86
	EndGlobalSection
	GlobalSection(ProjectConfigurationPlatforms) = postSolution
		{CCCE11B1-A88C-40CD-930F-1D90125D380B}.Debug|x64.ActiveCfg = Debug|x64
		{CCCE11B1-A88C-40CD-930F-1D90125D380B}.Debug|x64.Build.0 = Debug|x64
		{CCCE11B1-A88C-40CD-930F-1D90125D380B}.Debug|x86.ActiveCfg = Debug|Win32
		{CCCE11B1-A88C-40CD-930F-1D90125D380B}.Debug|x86.Build.0 = Debug|Win32
		{CCCE11B1-A88C-40CD-930F-1D90125D380B}.Release|x64.ActiveCfg = Release|x64
		{CCCE11B1-A88C-40CD-930F-1D90125D380B}.Release|x64.Build.0 = Release|x64
		{CCCE11B1-A88C-40CD-930F-1D90125D380B}.Release|x86.ActiveCfg = Release|Win32
		{CCCE11B1-A88C-40CD-930F-1D90125D380B}.Release|x86.Build.0 = Release|Win32
		{B8836800-C8FB-4007-B311-7D6C21E72955}.Debug|x64.ActiveCfg = Debug|x64
		{B8836800-C8FB-4007-B311-7D6C21E72955}.Debug|x64.Build.0 = Debug|x64
		{B8836800-C8FB-4007-B311-7D6C21E72955}.Debug|x86.ActiveCfg = Debug|Win32
		{B8836800-C8FB-4007-B311-7D6C21E72955}.Debug|x86.Build.0 = Debug|Win32
		{B8836800-C8FB-4007-B311-7D6C21E72955}.Release|x64.ActiveCfg = Release|x64
		{B8836800-C8FB-4007-B311-7D6C21E72955}.Release|x64.Build.0 = Release|x64
		{B8836800-C8FB-4007-B311-7D6C21E72955}.Release|x86.ActiveCfg = Release|Win32
		{B8836800-C8FB-4007-B311-7D6C21E72955}.Release|x86.Build.0 = Release|Win32
		{0F6B183B-CB4F-42F6-A7CD-5FFB55408EA3}.Debug|x64.ActiveCfg = Debug|x64
		{0F6B183B-CB4F-42F6-A7CD-5FFB55408EA3}.Debug|x64.Build.0 = Debug|x64
		{0F6B183B-CB4F-42F6-A7CD-5FFB55408EA3}.Debug|x86.ActiveCfg = Debug|Win32
		{0F6B183B-CB4F-42F6-A7CD-5FFB55408EA3}.Debug|x86.Build.0 = Debug|Win32
		{0F6B183B-CB4F-42F6-A7CD-5FFB55408EA3}.Release|x64.ActiveCfg = Release|x64
		{0F6B183B-CB4F-42F6-A7CD-5FFB55408EA3}.Release|x64.Build.0 = Release|x64
		{0F6B183B-CB4F-42F6-A7CD-5FFB55408EA3}.Release|x86.ActiveCfg = Release|Win32
		{0F6B183B-CB4F-42F6-A7CD-5FFB55408EA3}.Release|x86.Build.0 = Release|Win32
		{F4C74736-5A83-4437-B1EB-EEC46EFDE032}.Debug|x64.ActiveCfg = Debug|x64
		{F4C74736-5A83-4437-B1EB-EEC46EFDE032}.Debug|x64.Build.0 = Debug|x64
		{F4C74736-5A83-4437-B1EB-EEC46EFDE032}.Debug|x86.ActiveCfg = Debug|Win32
		{F4C74736-5A83-4437-B1EB-EEC46EFDE032}.Debug|x86.Build.0 = Debug|Win32
		{F4C74736-5A83-4437-B1EB-EEC46EFDE032}.Release|x64.ActiveCfg = Release|x64
		{F4C74736-5A83-4437-B1EB-EEC46EFDE032}.Release|x64.Build.0 = Release|x64
		{F4C74736-5A83-4437-B1EB-EEC46EFDE032}.Release|x86.ActiveCfg = Release|Win32
		{F4C74736-5A83-4437-B1EB-EEC46EFDE032}.Release|x86.Build.0 = Release|Win32
		{CF3093C8-8B9D-419B-8F4C-E0C992284B01}.Debug|x64.ActiveCfg = Debug|x64
		{CF3093C8-8B9D-419B-8F4C-E0C992284B01}.Debug|x64.Build.0 = Debug|x64
		{CF3093C8-8B9D-419B-8F4C-E0C992284B01}.Debug|x86.ActiveCfg = Debug|Win32
		{CF3093C8-8B9D-419B-8F4C-E0C992284B01}.Debug|x86.Build.0 = Debug|Win32
		{CF3093C8-8B9D-419B-8F4C-E0C992284B01}.Release|x64.ActiveCfg = Release|x64
		{CF3093C8-8B9D-419B-8F4C-E0C992284B01}.Release|x64.Build.0 = Release|x64
		{CF3093C8-8B9D-419B-8F4C-E0C992284B01}.Release|x86.ActiveCfg = Release|Win32
		{CF3093C8-8B9D-419B-8F4C-E0C992284B01}.Release|x86.Build.0 = Release|Win32
		{9767AC81-4B6D-421F-9FFB-9EDBBD4D23AC}.Debug|x64.ActiveCfg = Debug|x64
		{9767AC81-4B6D-421F-9FFB-9EDBBD4D23AC}.Debug|x64.Build.0 = Debug|x64
		{9767AC81-4B6D-421F-9FFB-9EDBBD4D23AC}.Debug|x86.ActiveCfg = Debug|Win32
		{9767AC81-4B6D-421F-9FFB-9EDBBD4D23AC}.Debug|x86.Build.0 = Debug|Win32
		{9767AC81-4B6D-421F-9FFB-9EDBBD4D23AC}.Release|x64.ActiveCfg = Release|x64
		{9767AC81-4B6D-421F-9FFB-9EDBBD4D23AC}.Release|x64.Build.0 = Release|x64
		{9767AC81-4B6D-421F-9FFB-9EDBBD4D23AC}.Release|x86.ActiveCfg = Release|Win32
		{9767AC81-4B6D-421F-9FFB-9EDBBD4D23AC}.Release|x86.Build.0 = Release|Win32
		{A62EB198-B228-4866-87B4-153FB0B61DC4}.Debug|x64.ActiveCfg = Debug|x64
		{A62EB198-B228-4866-87B4-153FB0B61DC4}.Debug|x64.Build.0 = Debug|x64
		{A62EB198-B228-4866-87B4-153FB0B61DC4}.Debug|x86.ActiveCfg = Debug|Win32
		{A62EB198-B228-4866-87B4-153FB0B61DC4}.Debug|x86.Build.0 = Debug|Win32
		{A62EB198-B228-4866-87B4-153FB0B61DC4}.Release|x64.ActiveCfg = Release|x64
		{A62EB198-B228-4866-87B4-153FB0B61DC4}.Release|x64.Build.0 = Release|x64
		{A62EB198-B228-4866-87B4-153FB0B61DC4}.Release|x86.ActiveCfg = Release|Win32
		{A62EB198-B228-4866-87B4-153FB0B61DC4}.Release|x86.Build.0 = Release|Win32
		{450CA5D1-C7D1-441B-A4B5-2563232D84A0}.Debug|x64.ActiveCfg = Debug|x64
		{450CA5D1-C7D1-441B-A4B5-2563232D84A0}.Debug|x64.Build.0 = Debug|x64
		{450CA5D1-C7D1-441B-A4B5-2563232D84A0}.Debug|x86.ActiveCfg = Debug|Win32
		{450CA5D1-C7D1-441B-A4B5-2563232D84A0}.Debug|x86.Build.0 = Debug|Win32
		{450CA5D1-C7D1-441B-A4B5-2563232D84A0}.Release|x64.ActiveCfg = Release|x64
		{450CA5D1-C7D1-441B-A4B5-2563232D84A0}.Release|x64.Build.0 = Release|x64
		{450CA5D1-C7D1-441B-A4B5-2563232D84A0}.Release|x86.ActiveCfg = Release|Win32
		{450CA5D1-C7D1-441B-A4B5-2563232D84A0}.Release|x86.Build.0 = Release|Win32
		{EF21F32F-829F-4663-8805-DD390BE40C96}.Debug|x64.ActiveCfg = Debug|x64
		{EF21F32F-829F-4663-8805-DD390BE40C96}.Debug|x64.Build.0 = Debug|x64
		{EF21F32F-829F-4663-8805-DD390BE40C96}.Debug|x86.ActiveCfg = Debug|Win32
		{EF21F32F-829F-4663-8805-DD390BE40C96}.Debug|x86.Build.0 = Debug|Win32
		{EF21F32F-829F-4663-8805-DD390BE40C96}.Release|x64.ActiveCfg = Release|x64
		{EF21F32F-829F-4663-8805-DD390BE40C96}.Release|x64.Build.0 = Release|x64
		{EF21F32F-829F-4663-8805-DD390BE40C96}.Release|x86.ActiveCfg = Release|Win32
		{EF21F32F-829F-4663-8805-DD390BE40C96}.Release|x86.Build.0 = Release|Win32
		{BE4A0C04-845B-4BB1-8DB9-2D170FF5F1EF}.Debug|x64.ActiveCfg = Debug|x64
		{BE4A0C04-845B-4BB1-8DB9-2D170FF5F1EF}.Debug|x64.Build.0 = Debug|x64
		{BE4A0C04-845B-4BB1-8DB9-2D170FF5F1EF}.Debug|x86.ActiveCfg = Debug|Win32
		{BE4A0C04-845B-4BB1-8DB9-2D170FF5F1EF}.Debug|x86.Build.0 = Debug|Win32
		{BE4A0C04-845B-4BB1-8DB9-2D170FF5F1EF}.Release|x64.ActiveCfg = Release|x64
		{BE4A0C04-845B-4BB1-8DB9-2D170FF5F1EF}.Release|x64.Build.0 = Release|x64
		{BE4A0C04-845B-4BB1-8DB9-2D170FF5F1EF}.Release|x86.ActiveCfg = Release|Win32
		{BE4A0C04-845B-4BB1-8DB9-2D170FF5F1EF}.Release|x86.Build.0 = Release|Win32
		{4FF67187-E5E9-4799-B51B-AF9CAB0642E3}.Debug|x64.ActiveCfg = Debug|x64
		{4FF67187-E5E9-4799-B51B-AF9CAB0642E3}.Debug|x64.Build.0 = Debug|x64
		{4FF67187-E5E9-4799-B51B-AF9CAB0642E3}.Debug|x86.ActiveCfg = Debug|Win32
		{4FF67187-E5E9-4799-B51B-AF9CAB0642E3}.Debug|x86.Build.0 = Debug|Win32
		{4FF67187-E5E9-4799-B51B-AF9CAB0642E3}.Release|x64.ActiveCfg = Release|x64
		{4FF67187-E5E9-4799-B51B-AF9CAB0642E3}.Release|x64.Build.0 = Release|x64
		{4FF67187-E5E9-4799-B51B-AF9CAB0642E3}.Release|x86.ActiveCfg = Release|Win32
		{4FF67187-E5E9-4799-B51B-AF9CAB0642E3}.Release|x86.Build.0 = Release|Win32
	EndGlobalSection
	GlobalSection(SolutionProperties) = preSolution
		HideSolutionNode = FALSE
	EndGlobalSection
	GlobalSection(ExtensibilityGlobals) = postSolution
		SolutionGuid = {B4AA59D0-A272-4D69-80C9-82A8387A5FA2}
	EndGlobalSection
EndGlobal
