
Microsoft Visual Studio Solution File, Format Version 12.00
# Visual Studio Version 17
VisualStudioVersion = 17.11.35222.181
MinimumVisualStudioVersion = 10.0.40219.1
Project("{8BC9CEB8-8B4A-11D0-8D11-00A0C91BC942}") = "5.1", "5.1.vcxproj", "{92DEA4C6-C15A-4CD6-A127-FAE2C343B61E}"
EndProject
Project("{8BC9CEB8-8B4A-11D0-8D11-00A0C91BC942}") = "5.2", "..\5.2\5.2.vcxproj", "{42FD077D-3659-4FD2-95DC-311277EA149C}"
EndProject
Project("{8BC9CEB8-8B4A-11D0-8D11-00A0C91BC942}") = "7.1", "..\7.1\7.1.vcxproj", "{39603876-5028-4714-AE9C-7D49B284C8E7}"
EndProject
Project("{8BC9CEB8-8B4A-11D0-8D11-00A0C91BC942}") = "7.2", "..\7.2\7.2.vcxproj", "{714D6255-EDEF-4CBA-97E9-3AB248F37DFF}"
EndProject
Project("{8BC9CEB8-8B4A-11D0-8D11-00A0C91BC942}") = "9.1", "..\9.1\9.1.vcxproj", "{AF0AC7E1-E545-44F2-ADD2-406AC5500116}"
EndProject
Project("{8BC9CEB8-8B4A-11D0-8D11-00A0C91BC942}") = "9.2", "..\9.2\9.2.vcxproj", "{FA8A57AC-C865-498F-A97E-E0B2F15ED05A}"
EndProject
Project("{8BC9CEB8-8B4A-11D0-8D11-00A0C91BC942}") = "11.1", "..\11.1\11.1.vcxproj", "{D7EDEF9F-932B-47D1-BA2C-32B8CA0D04E6}"
EndProject
Project("{8BC9CEB8-8B4A-11D0-8D11-00A0C91BC942}") = "11.2", "..\11.2\11.2.vcxproj", "{2571F8AD-BB0D-485C-87B9-27B0716E93A4}"
EndProject
Global
	GlobalSection(SolutionConfigurationPlatforms) = preSolution
		Debug|x64 = Debug|x64
		Debug|x86 = Debug|x86
		Release|x64 = Release|x64
		Release|x86 = Release|x86
	EndGlobalSection
	GlobalSection(ProjectConfigurationPlatforms) = postSolution
		{92DEA4C6-C15A-4CD6-A127-FAE2C343B61E}.Debug|x64.ActiveCfg = Debug|x64
		{92DEA4C6-C15A-4CD6-A127-FAE2C343B61E}.Debug|x64.Build.0 = Debug|x64
		{92DEA4C6-C15A-4CD6-A127-FAE2C343B61E}.Debug|x86.ActiveCfg = Debug|Win32
		{92DEA4C6-C15A-4CD6-A127-FAE2C343B61E}.Debug|x86.Build.0 = Debug|Win32
		{92DEA4C6-C15A-4CD6-A127-FAE2C343B61E}.Release|x64.ActiveCfg = Release|x64
		{92DEA4C6-C15A-4CD6-A127-FAE2C343B61E}.Release|x64.Build.0 = Release|x64
		{92DEA4C6-C15A-4CD6-A127-FAE2C343B61E}.Release|x86.ActiveCfg = Release|Win32
		{92DEA4C6-C15A-4CD6-A127-FAE2C343B61E}.Release|x86.Build.0 = Release|Win32
		{42FD077D-3659-4FD2-95DC-311277EA149C}.Debug|x64.ActiveCfg = Debug|x64
		{42FD077D-3659-4FD2-95DC-311277EA149C}.Debug|x64.Build.0 = Debug|x64
		{42FD077D-3659-4FD2-95DC-311277EA149C}.Debug|x86.ActiveCfg = Debug|Win32
		{42FD077D-3659-4FD2-95DC-311277EA149C}.Debug|x86.Build.0 = Debug|Win32
		{42FD077D-3659-4FD2-95DC-311277EA149C}.Release|x64.ActiveCfg = Release|x64
		{42FD077D-3659-4FD2-95DC-311277EA149C}.Release|x64.Build.0 = Release|x64
		{42FD077D-3659-4FD2-95DC-311277EA149C}.Release|x86.ActiveCfg = Release|Win32
		{42FD077D-3659-4FD2-95DC-311277EA149C}.Release|x86.Build.0 = Release|Win32
		{39603876-5028-4714-AE9C-7D49B284C8E7}.Debug|x64.ActiveCfg = Debug|x64
		{39603876-5028-4714-AE9C-7D49B284C8E7}.Debug|x64.Build.0 = Debug|x64
		{39603876-5028-4714-AE9C-7D49B284C8E7}.Debug|x86.ActiveCfg = Debug|Win32
		{39603876-5028-4714-AE9C-7D49B284C8E7}.Debug|x86.Build.0 = Debug|Win32
		{39603876-5028-4714-AE9C-7D49B284C8E7}.Release|x64.ActiveCfg = Release|x64
		{39603876-5028-4714-AE9C-7D49B284C8E7}.Release|x64.Build.0 = Release|x64
		{39603876-5028-4714-AE9C-7D49B284C8E7}.Release|x86.ActiveCfg = Release|Win32
		{39603876-5028-4714-AE9C-7D49B284C8E7}.Release|x86.Build.0 = Release|Win32
		{714D6255-EDEF-4CBA-97E9-3AB248F37DFF}.Debug|x64.ActiveCfg = Debug|x64
		{714D6255-EDEF-4CBA-97E9-3AB248F37DFF}.Debug|x64.Build.0 = Debug|x64
		{714D6255-EDEF-4CBA-97E9-3AB248F37DFF}.Debug|x86.ActiveCfg = Debug|Win32
		{714D6255-EDEF-4CBA-97E9-3AB248F37DFF}.Debug|x86.Build.0 = Debug|Win32
		{714D6255-EDEF-4CBA-97E9-3AB248F37DFF}.Release|x64.ActiveCfg = Release|x64
		{714D6255-EDEF-4CBA-97E9-3AB248F37DFF}.Release|x64.Build.0 = Release|x64
		{714D6255-EDEF-4CBA-97E9-3AB248F37DFF}.Release|x86.ActiveCfg = Release|Win32
		{714D6255-EDEF-4CBA-97E9-3AB248F37DFF}.Release|x86.Build.0 = Release|Win32
		{AF0AC7E1-E545-44F2-ADD2-406AC5500116}.Debug|x64.ActiveCfg = Debug|x64
		{AF0AC7E1-E545-44F2-ADD2-406AC5500116}.Debug|x64.Build.0 = Debug|x64
		{AF0AC7E1-E545-44F2-ADD2-406AC5500116}.Debug|x86.ActiveCfg = Debug|Win32
		{AF0AC7E1-E545-44F2-ADD2-406AC5500116}.Debug|x86.Build.0 = Debug|Win32
		{AF0AC7E1-E545-44F2-ADD2-406AC5500116}.Release|x64.ActiveCfg = Release|x64
		{AF0AC7E1-E545-44F2-ADD2-406AC5500116}.Release|x64.Build.0 = Release|x64
		{AF0AC7E1-E545-44F2-ADD2-406AC5500116}.Release|x86.ActiveCfg = Release|Win32
		{AF0AC7E1-E545-44F2-ADD2-406AC5500116}.Release|x86.Build.0 = Release|Win32
		{FA8A57AC-C865-498F-A97E-E0B2F15ED05A}.Debug|x64.ActiveCfg = Debug|x64
		{FA8A57AC-C865-498F-A97E-E0B2F15ED05A}.Debug|x64.Build.0 = Debug|x64
		{FA8A57AC-C865-498F-A97E-E0B2F15ED05A}.Debug|x86.ActiveCfg = Debug|Win32
		{FA8A57AC-C865-498F-A97E-E0B2F15ED05A}.Debug|x86.Build.0 = Debug|Win32
		{FA8A57AC-C865-498F-A97E-E0B2F15ED05A}.Release|x64.ActiveCfg = Release|x64
		{FA8A57AC-C865-498F-A97E-E0B2F15ED05A}.Release|x64.Build.0 = Release|x64
		{FA8A57AC-C865-498F-A97E-E0B2F15ED05A}.Release|x86.ActiveCfg = Release|Win32
		{FA8A57AC-C865-498F-A97E-E0B2F15ED05A}.Release|x86.Build.0 = Release|Win32
		{D7EDEF9F-932B-47D1-BA2C-32B8CA0D04E6}.Debug|x64.ActiveCfg = Debug|x64
		{D7EDEF9F-932B-47D1-BA2C-32B8CA0D04E6}.Debug|x64.Build.0 = Debug|x64
		{D7EDEF9F-932B-47D1-BA2C-32B8CA0D04E6}.Debug|x86.ActiveCfg = Debug|Win32
		{D7EDEF9F-932B-47D1-BA2C-32B8CA0D04E6}.Debug|x86.Build.0 = Debug|Win32
		{D7EDEF9F-932B-47D1-BA2C-32B8CA0D04E6}.Release|x64.ActiveCfg = Release|x64
		{D7EDEF9F-932B-47D1-BA2C-32B8CA0D04E6}.Release|x64.Build.0 = Release|x64
		{D7EDEF9F-932B-47D1-BA2C-32B8CA0D04E6}.Release|x86.ActiveCfg = Release|Win32
		{D7EDEF9F-932B-47D1-BA2C-32B8CA0D04E6}.Release|x86.Build.0 = Release|Win32
		{2571F8AD-BB0D-485C-87B9-27B0716E93A4}.Debug|x64.ActiveCfg = Debug|x64
		{2571F8AD-BB0D-485C-87B9-27B0716E93A4}.Debug|x64.Build.0 = Debug|x64
		{2571F8AD-BB0D-485C-87B9-27B0716E93A4}.Debug|x86.ActiveCfg = Debug|Win32
		{2571F8AD-BB0D-485C-87B9-27B0716E93A4}.Debug|x86.Build.0 = Debug|Win32
		{2571F8AD-BB0D-485C-87B9-27B0716E93A4}.Release|x64.ActiveCfg = Release|x64
		{2571F8AD-BB0D-485C-87B9-27B0716E93A4}.Release|x64.Build.0 = Release|x64
		{2571F8AD-BB0D-485C-87B9-27B0716E93A4}.Release|x86.ActiveCfg = Release|Win32
		{2571F8AD-BB0D-485C-87B9-27B0716E93A4}.Release|x86.Build.0 = Release|Win32
	EndGlobalSection
	GlobalSection(SolutionProperties) = preSolution
		HideSolutionNode = FALSE
	EndGlobalSection
	GlobalSection(ExtensibilityGlobals) = postSolution
		SolutionGuid = {EE635A5C-0169-4D42-B0A1-E0F856744648}
	EndGlobalSection
EndGlobal
