
Microsoft Visual Studio Solution File, Format Version 12.00
# Visual Studio Version 17
VisualStudioVersion = 17.11.35222.181
MinimumVisualStudioVersion = 10.0.40219.1
Project("{8BC9CEB8-8B4A-11D0-8D11-00A0C91BC942}") = "5.1", "1 зад\1 зад.vcxproj", "{252E0B2D-8A44-49E8-990C-85AAD4887344}"
EndProject
Project("{8BC9CEB8-8B4A-11D0-8D11-00A0C91BC942}") = "5.2", "5.2\5.2.vcxproj", "{8E9436CE-8F71-4AA7-A8F7-78F60095785C}"
EndProject
Project("{8BC9CEB8-8B4A-11D0-8D11-00A0C91BC942}") = "7.2", "7.2\7.2.vcxproj", "{81A75C05-38E6-4331-9C33-B1EA7D5D73CD}"
EndProject
Project("{8BC9CEB8-8B4A-11D0-8D11-00A0C91BC942}") = "7.1", "7.1\7.1.vcxproj", "{893D10DA-53B9-4DB9-AA6E-374A993223A8}"
EndProject
Project("{8BC9CEB8-8B4A-11D0-8D11-00A0C91BC942}") = "9.1", "9.1\9.1.vcxproj", "{0CB0BEC0-425E-44D9-8AE9-5AD5EB470C44}"
EndProject
Project("{8BC9CEB8-8B4A-11D0-8D11-00A0C91BC942}") = "9.2", "9.2\9.2.vcxproj", "{F297A075-7DB9-49FB-B075-63146B71DBC7}"
EndProject
Project("{8BC9CEB8-8B4A-11D0-8D11-00A0C91BC942}") = "11.1", "11.1\11.1.vcxproj", "{C5D7C1D9-2B8C-4860-81C9-1D4CDBD8CA87}"
EndProject
Project("{8BC9CEB8-8B4A-11D0-8D11-00A0C91BC942}") = "11.2", "11.2\11.2.vcxproj", "{593DAE50-7D0D-4D2B-BE2E-034FAA6187C3}"
EndProject
Global
	GlobalSection(SolutionConfigurationPlatforms) = preSolution
		Debug|x64 = Debug|x64
		Debug|x86 = Debug|x86
		Release|x64 = Release|x64
		Release|x86 = Release|x86
	EndGlobalSection
	GlobalSection(ProjectConfigurationPlatforms) = postSolution
		{252E0B2D-8A44-49E8-990C-85AAD4887344}.Debug|x64.ActiveCfg = Debug|x64
		{252E0B2D-8A44-49E8-990C-85AAD4887344}.Debug|x64.Build.0 = Debug|x64
		{252E0B2D-8A44-49E8-990C-85AAD4887344}.Debug|x86.ActiveCfg = Debug|Win32
		{252E0B2D-8A44-49E8-990C-85AAD4887344}.Debug|x86.Build.0 = Debug|Win32
		{252E0B2D-8A44-49E8-990C-85AAD4887344}.Release|x64.ActiveCfg = Release|x64
		{252E0B2D-8A44-49E8-990C-85AAD4887344}.Release|x64.Build.0 = Release|x64
		{252E0B2D-8A44-49E8-990C-85AAD4887344}.Release|x86.ActiveCfg = Release|Win32
		{252E0B2D-8A44-49E8-990C-85AAD4887344}.Release|x86.Build.0 = Release|Win32
		{8E9436CE-8F71-4AA7-A8F7-78F60095785C}.Debug|x64.ActiveCfg = Debug|x64
		{8E9436CE-8F71-4AA7-A8F7-78F60095785C}.Debug|x64.Build.0 = Debug|x64
		{8E9436CE-8F71-4AA7-A8F7-78F60095785C}.Debug|x86.ActiveCfg = Debug|Win32
		{8E9436CE-8F71-4AA7-A8F7-78F60095785C}.Debug|x86.Build.0 = Debug|Win32
		{8E9436CE-8F71-4AA7-A8F7-78F60095785C}.Release|x64.ActiveCfg = Release|x64
		{8E9436CE-8F71-4AA7-A8F7-78F60095785C}.Release|x64.Build.0 = Release|x64
		{8E9436CE-8F71-4AA7-A8F7-78F60095785C}.Release|x86.ActiveCfg = Release|Win32
		{8E9436CE-8F71-4AA7-A8F7-78F60095785C}.Release|x86.Build.0 = Release|Win32
		{81A75C05-38E6-4331-9C33-B1EA7D5D73CD}.Debug|x64.ActiveCfg = Debug|x64
		{81A75C05-38E6-4331-9C33-B1EA7D5D73CD}.Debug|x64.Build.0 = Debug|x64
		{81A75C05-38E6-4331-9C33-B1EA7D5D73CD}.Debug|x86.ActiveCfg = Debug|Win32
		{81A75C05-38E6-4331-9C33-B1EA7D5D73CD}.Debug|x86.Build.0 = Debug|Win32
		{81A75C05-38E6-4331-9C33-B1EA7D5D73CD}.Release|x64.ActiveCfg = Release|x64
		{81A75C05-38E6-4331-9C33-B1EA7D5D73CD}.Release|x64.Build.0 = Release|x64
		{81A75C05-38E6-4331-9C33-B1EA7D5D73CD}.Release|x86.ActiveCfg = Release|Win32
		{81A75C05-38E6-4331-9C33-B1EA7D5D73CD}.Release|x86.Build.0 = Release|Win32
		{893D10DA-53B9-4DB9-AA6E-374A993223A8}.Debug|x64.ActiveCfg = Debug|x64
		{893D10DA-53B9-4DB9-AA6E-374A993223A8}.Debug|x64.Build.0 = Debug|x64
		{893D10DA-53B9-4DB9-AA6E-374A993223A8}.Debug|x86.ActiveCfg = Debug|Win32
		{893D10DA-53B9-4DB9-AA6E-374A993223A8}.Debug|x86.Build.0 = Debug|Win32
		{893D10DA-53B9-4DB9-AA6E-374A993223A8}.Release|x64.ActiveCfg = Release|x64
		{893D10DA-53B9-4DB9-AA6E-374A993223A8}.Release|x64.Build.0 = Release|x64
		{893D10DA-53B9-4DB9-AA6E-374A993223A8}.Release|x86.ActiveCfg = Release|Win32
		{893D10DA-53B9-4DB9-AA6E-374A993223A8}.Release|x86.Build.0 = Release|Win32
		{0CB0BEC0-425E-44D9-8AE9-5AD5EB470C44}.Debug|x64.ActiveCfg = Debug|x64
		{0CB0BEC0-425E-44D9-8AE9-5AD5EB470C44}.Debug|x64.Build.0 = Debug|x64
		{0CB0BEC0-425E-44D9-8AE9-5AD5EB470C44}.Debug|x86.ActiveCfg = Debug|Win32
		{0CB0BEC0-425E-44D9-8AE9-5AD5EB470C44}.Debug|x86.Build.0 = Debug|Win32
		{0CB0BEC0-425E-44D9-8AE9-5AD5EB470C44}.Release|x64.ActiveCfg = Release|x64
		{0CB0BEC0-425E-44D9-8AE9-5AD5EB470C44}.Release|x64.Build.0 = Release|x64
		{0CB0BEC0-425E-44D9-8AE9-5AD5EB470C44}.Release|x86.ActiveCfg = Release|Win32
		{0CB0BEC0-425E-44D9-8AE9-5AD5EB470C44}.Release|x86.Build.0 = Release|Win32
		{F297A075-7DB9-49FB-B075-63146B71DBC7}.Debug|x64.ActiveCfg = Debug|x64
		{F297A075-7DB9-49FB-B075-63146B71DBC7}.Debug|x64.Build.0 = Debug|x64
		{F297A075-7DB9-49FB-B075-63146B71DBC7}.Debug|x86.ActiveCfg = Debug|Win32
		{F297A075-7DB9-49FB-B075-63146B71DBC7}.Debug|x86.Build.0 = Debug|Win32
		{F297A075-7DB9-49FB-B075-63146B71DBC7}.Release|x64.ActiveCfg = Release|x64
		{F297A075-7DB9-49FB-B075-63146B71DBC7}.Release|x64.Build.0 = Release|x64
		{F297A075-7DB9-49FB-B075-63146B71DBC7}.Release|x86.ActiveCfg = Release|Win32
		{F297A075-7DB9-49FB-B075-63146B71DBC7}.Release|x86.Build.0 = Release|Win32
		{C5D7C1D9-2B8C-4860-81C9-1D4CDBD8CA87}.Debug|x64.ActiveCfg = Debug|x64
		{C5D7C1D9-2B8C-4860-81C9-1D4CDBD8CA87}.Debug|x64.Build.0 = Debug|x64
		{C5D7C1D9-2B8C-4860-81C9-1D4CDBD8CA87}.Debug|x86.ActiveCfg = Debug|Win32
		{C5D7C1D9-2B8C-4860-81C9-1D4CDBD8CA87}.Debug|x86.Build.0 = Debug|Win32
		{C5D7C1D9-2B8C-4860-81C9-1D4CDBD8CA87}.Release|x64.ActiveCfg = Release|x64
		{C5D7C1D9-2B8C-4860-81C9-1D4CDBD8CA87}.Release|x64.Build.0 = Release|x64
		{C5D7C1D9-2B8C-4860-81C9-1D4CDBD8CA87}.Release|x86.ActiveCfg = Release|Win32
		{C5D7C1D9-2B8C-4860-81C9-1D4CDBD8CA87}.Release|x86.Build.0 = Release|Win32
		{593DAE50-7D0D-4D2B-BE2E-034FAA6187C3}.Debug|x64.ActiveCfg = Debug|x64
		{593DAE50-7D0D-4D2B-BE2E-034FAA6187C3}.Debug|x64.Build.0 = Debug|x64
		{593DAE50-7D0D-4D2B-BE2E-034FAA6187C3}.Debug|x86.ActiveCfg = Debug|Win32
		{593DAE50-7D0D-4D2B-BE2E-034FAA6187C3}.Debug|x86.Build.0 = Debug|Win32
		{593DAE50-7D0D-4D2B-BE2E-034FAA6187C3}.Release|x64.ActiveCfg = Release|x64
		{593DAE50-7D0D-4D2B-BE2E-034FAA6187C3}.Release|x64.Build.0 = Release|x64
		{593DAE50-7D0D-4D2B-BE2E-034FAA6187C3}.Release|x86.ActiveCfg = Release|Win32
		{593DAE50-7D0D-4D2B-BE2E-034FAA6187C3}.Release|x86.Build.0 = Release|Win32
	EndGlobalSection
	GlobalSection(SolutionProperties) = preSolution
		HideSolutionNode = FALSE
	EndGlobalSection
	GlobalSection(ExtensibilityGlobals) = postSolution
		SolutionGuid = {E360BA86-39C9-4C09-8D75-D3F8C71F78AF}
	EndGlobalSection
EndGlobal
