
Microsoft Visual Studio Solution File, Format Version 12.00
# Visual Studio Version 17
VisualStudioVersion = 17.11.35222.181
MinimumVisualStudioVersion = 10.0.40219.1
Project("{8BC9CEB8-8B4A-11D0-8D11-00A0C91BC942}") = "5.1", "12 лаба\12 лаба.vcxproj", "{55A8B8D1-7BEE-4448-9CA6-E857A27DF3BC}"
EndProject
Project("{8BC9CEB8-8B4A-11D0-8D11-00A0C91BC942}") = "5.2", "5.2\5.2.vcxproj", "{594B09B9-8509-4176-A321-73C407E0BFC5}"
EndProject
Project("{8BC9CEB8-8B4A-11D0-8D11-00A0C91BC942}") = "7.1", "7.1\7.1.vcxproj", "{3D7AAE2F-8C04-47C7-9AAC-B99CBE76ACF3}"
EndProject
Project("{8BC9CEB8-8B4A-11D0-8D11-00A0C91BC942}") = "7.2", "7.2\7.2.vcxproj", "{3CAD77AA-CD94-4E73-B750-26AF3044D057}"
EndProject
Project("{8BC9CEB8-8B4A-11D0-8D11-00A0C91BC942}") = "9.1", "9.1\9.1.vcxproj", "{AE1F4F2A-8457-44CD-B829-B70CAE4A6142}"
EndProject
Project("{8BC9CEB8-8B4A-11D0-8D11-00A0C91BC942}") = "9.2", "ConsoleApplication1\ConsoleApplication1.vcxproj", "{9436CA02-33CC-47FC-830D-B083CE08800C}"
EndProject
Project("{8BC9CEB8-8B4A-11D0-8D11-00A0C91BC942}") = "11.1", "11.1\11.1.vcxproj", "{D0F89E79-A5EE-4C81-A520-11C7478526C3}"
EndProject
Project("{8BC9CEB8-8B4A-11D0-8D11-00A0C91BC942}") = "11.2", "11.2\11.2.vcxproj", "{DFB68A7F-FB76-4B27-9E8C-91D8562C7ADD}"
EndProject
Global
	GlobalSection(SolutionConfigurationPlatforms) = preSolution
		Debug|x64 = Debug|x64
		Debug|x86 = Debug|x86
		Release|x64 = Release|x64
		Release|x86 = Release|x86
	EndGlobalSection
	GlobalSection(ProjectConfigurationPlatforms) = postSolution
		{55A8B8D1-7BEE-4448-9CA6-E857A27DF3BC}.Debug|x64.ActiveCfg = Debug|x64
		{55A8B8D1-7BEE-4448-9CA6-E857A27DF3BC}.Debug|x64.Build.0 = Debug|x64
		{55A8B8D1-7BEE-4448-9CA6-E857A27DF3BC}.Debug|x86.ActiveCfg = Debug|Win32
		{55A8B8D1-7BEE-4448-9CA6-E857A27DF3BC}.Debug|x86.Build.0 = Debug|Win32
		{55A8B8D1-7BEE-4448-9CA6-E857A27DF3BC}.Release|x64.ActiveCfg = Release|x64
		{55A8B8D1-7BEE-4448-9CA6-E857A27DF3BC}.Release|x64.Build.0 = Release|x64
		{55A8B8D1-7BEE-4448-9CA6-E857A27DF3BC}.Release|x86.ActiveCfg = Release|Win32
		{55A8B8D1-7BEE-4448-9CA6-E857A27DF3BC}.Release|x86.Build.0 = Release|Win32
		{594B09B9-8509-4176-A321-73C407E0BFC5}.Debug|x64.ActiveCfg = Debug|x64
		{594B09B9-8509-4176-A321-73C407E0BFC5}.Debug|x64.Build.0 = Debug|x64
		{594B09B9-8509-4176-A321-73C407E0BFC5}.Debug|x86.ActiveCfg = Debug|Win32
		{594B09B9-8509-4176-A321-73C407E0BFC5}.Debug|x86.Build.0 = Debug|Win32
		{594B09B9-8509-4176-A321-73C407E0BFC5}.Release|x64.ActiveCfg = Release|x64
		{594B09B9-8509-4176-A321-73C407E0BFC5}.Release|x64.Build.0 = Release|x64
		{594B09B9-8509-4176-A321-73C407E0BFC5}.Release|x86.ActiveCfg = Release|Win32
		{594B09B9-8509-4176-A321-73C407E0BFC5}.Release|x86.Build.0 = Release|Win32
		{3D7AAE2F-8C04-47C7-9AAC-B99CBE76ACF3}.Debug|x64.ActiveCfg = Debug|x64
		{3D7AAE2F-8C04-47C7-9AAC-B99CBE76ACF3}.Debug|x64.Build.0 = Debug|x64
		{3D7AAE2F-8C04-47C7-9AAC-B99CBE76ACF3}.Debug|x86.ActiveCfg = Debug|Win32
		{3D7AAE2F-8C04-47C7-9AAC-B99CBE76ACF3}.Debug|x86.Build.0 = Debug|Win32
		{3D7AAE2F-8C04-47C7-9AAC-B99CBE76ACF3}.Release|x64.ActiveCfg = Release|x64
		{3D7AAE2F-8C04-47C7-9AAC-B99CBE76ACF3}.Release|x64.Build.0 = Release|x64
		{3D7AAE2F-8C04-47C7-9AAC-B99CBE76ACF3}.Release|x86.ActiveCfg = Release|Win32
		{3D7AAE2F-8C04-47C7-9AAC-B99CBE76ACF3}.Release|x86.Build.0 = Release|Win32
		{3CAD77AA-CD94-4E73-B750-26AF3044D057}.Debug|x64.ActiveCfg = Debug|x64
		{3CAD77AA-CD94-4E73-B750-26AF3044D057}.Debug|x64.Build.0 = Debug|x64
		{3CAD77AA-CD94-4E73-B750-26AF3044D057}.Debug|x86.ActiveCfg = Debug|Win32
		{3CAD77AA-CD94-4E73-B750-26AF3044D057}.Debug|x86.Build.0 = Debug|Win32
		{3CAD77AA-CD94-4E73-B750-26AF3044D057}.Release|x64.ActiveCfg = Release|x64
		{3CAD77AA-CD94-4E73-B750-26AF3044D057}.Release|x64.Build.0 = Release|x64
		{3CAD77AA-CD94-4E73-B750-26AF3044D057}.Release|x86.ActiveCfg = Release|Win32
		{3CAD77AA-CD94-4E73-B750-26AF3044D057}.Release|x86.Build.0 = Release|Win32
		{AE1F4F2A-8457-44CD-B829-B70CAE4A6142}.Debug|x64.ActiveCfg = Debug|x64
		{AE1F4F2A-8457-44CD-B829-B70CAE4A6142}.Debug|x64.Build.0 = Debug|x64
		{AE1F4F2A-8457-44CD-B829-B70CAE4A6142}.Debug|x86.ActiveCfg = Debug|Win32
		{AE1F4F2A-8457-44CD-B829-B70CAE4A6142}.Debug|x86.Build.0 = Debug|Win32
		{AE1F4F2A-8457-44CD-B829-B70CAE4A6142}.Release|x64.ActiveCfg = Release|x64
		{AE1F4F2A-8457-44CD-B829-B70CAE4A6142}.Release|x64.Build.0 = Release|x64
		{AE1F4F2A-8457-44CD-B829-B70CAE4A6142}.Release|x86.ActiveCfg = Release|Win32
		{AE1F4F2A-8457-44CD-B829-B70CAE4A6142}.Release|x86.Build.0 = Release|Win32
		{9436CA02-33CC-47FC-830D-B083CE08800C}.Debug|x64.ActiveCfg = Debug|x64
		{9436CA02-33CC-47FC-830D-B083CE08800C}.Debug|x64.Build.0 = Debug|x64
		{9436CA02-33CC-47FC-830D-B083CE08800C}.Debug|x86.ActiveCfg = Debug|Win32
		{9436CA02-33CC-47FC-830D-B083CE08800C}.Debug|x86.Build.0 = Debug|Win32
		{9436CA02-33CC-47FC-830D-B083CE08800C}.Release|x64.ActiveCfg = Release|x64
		{9436CA02-33CC-47FC-830D-B083CE08800C}.Release|x64.Build.0 = Release|x64
		{9436CA02-33CC-47FC-830D-B083CE08800C}.Release|x86.ActiveCfg = Release|Win32
		{9436CA02-33CC-47FC-830D-B083CE08800C}.Release|x86.Build.0 = Release|Win32
		{D0F89E79-A5EE-4C81-A520-11C7478526C3}.Debug|x64.ActiveCfg = Debug|x64
		{D0F89E79-A5EE-4C81-A520-11C7478526C3}.Debug|x64.Build.0 = Debug|x64
		{D0F89E79-A5EE-4C81-A520-11C7478526C3}.Debug|x86.ActiveCfg = Debug|Win32
		{D0F89E79-A5EE-4C81-A520-11C7478526C3}.Debug|x86.Build.0 = Debug|Win32
		{D0F89E79-A5EE-4C81-A520-11C7478526C3}.Release|x64.ActiveCfg = Release|x64
		{D0F89E79-A5EE-4C81-A520-11C7478526C3}.Release|x64.Build.0 = Release|x64
		{D0F89E79-A5EE-4C81-A520-11C7478526C3}.Release|x86.ActiveCfg = Release|Win32
		{D0F89E79-A5EE-4C81-A520-11C7478526C3}.Release|x86.Build.0 = Release|Win32
		{DFB68A7F-FB76-4B27-9E8C-91D8562C7ADD}.Debug|x64.ActiveCfg = Debug|x64
		{DFB68A7F-FB76-4B27-9E8C-91D8562C7ADD}.Debug|x64.Build.0 = Debug|x64
		{DFB68A7F-FB76-4B27-9E8C-91D8562C7ADD}.Debug|x86.ActiveCfg = Debug|Win32
		{DFB68A7F-FB76-4B27-9E8C-91D8562C7ADD}.Debug|x86.Build.0 = Debug|Win32
		{DFB68A7F-FB76-4B27-9E8C-91D8562C7ADD}.Release|x64.ActiveCfg = Release|x64
		{DFB68A7F-FB76-4B27-9E8C-91D8562C7ADD}.Release|x64.Build.0 = Release|x64
		{DFB68A7F-FB76-4B27-9E8C-91D8562C7ADD}.Release|x86.ActiveCfg = Release|Win32
		{DFB68A7F-FB76-4B27-9E8C-91D8562C7ADD}.Release|x86.Build.0 = Release|Win32
	EndGlobalSection
	GlobalSection(SolutionProperties) = preSolution
		HideSolutionNode = FALSE
	EndGlobalSection
	GlobalSection(ExtensibilityGlobals) = postSolution
		SolutionGuid = {6FF50FF6-330D-4EAD-946E-997CAB5F9D30}
	EndGlobalSection
EndGlobal
